// !$*UTF8*$!
{
	archiveVersion = 1;
	classes = {
	};
	objectVersion = 77;
	objects = {

/* Begin PBXBuildFile section */
		F0748BDC2D9C7D4400DF7C63 /* WidgetKit.framework in Frameworks */ = {isa = PBXBuildFile; fileRef = F0748BDB2D9C7D4400DF7C63 /* WidgetKit.framework */; };
		F0748BDE2D9C7D4400DF7C63 /* SwiftUI.framework in Frameworks */ = {isa = PBXBuildFile; fileRef = F0748BDD2D9C7D4400DF7C63 /* SwiftUI.framework */; };
		F0748BE92D9C7D4500DF7C63 /* HomeKitLockScreenWidgetExtension.appex in Embed Foundation Extensions */ = {isa = PBXBuildFile; fileRef = F0748BD92D9C7D4400DF7C63 /* HomeKitLockScreenWidgetExtension.appex */; settings = {ATTRIBUTES = (RemoveHeadersOnCopy, ); }; };
/* End PBXBuildFile section */

/* Begin PBXContainerItemProxy section */
		F0748BE72D9C7D4500DF7C63 /* PBXContainerItemProxy */ = {
			isa = PBXContainerItemProxy;
			containerPortal = F0748BBF2D9C7D1A00DF7C63 /* Project object */;
			proxyType = 1;
			remoteGlobalIDString = F0748BD82D9C7D4400DF7C63;
			remoteInfo = HomeKitLockScreenWidgetExtension;
		};
/* End PBXContainerItemProxy section */

/* Begin PBXCopyFilesBuildPhase section */
		F0748BEE2D9C7D4500DF7C63 /* Embed Foundation Extensions */ = {
			isa = PBXCopyFilesBuildPhase;
			buildActionMask = 2147483647;
			dstPath = "";
			dstSubfolderSpec = 13;
			files = (
				F0748BE92D9C7D4500DF7C63 /* HomeKitLockScreenWidgetExtension.appex in Embed Foundation Extensions */,
			);
			name = "Embed Foundation Extensions";
			runOnlyForDeploymentPostprocessing = 0;
		};
/* End PBXCopyFilesBuildPhase section */

/* Begin PBXFileReference section */
		F0748BC72D9C7D1A00DF7C63 /* HomeKitLockScreenApp.app */ = {isa = PBXFileReference; explicitFileType = wrapper.application; includeInIndex = 0; path = HomeKitLockScreenApp.app; sourceTree = BUILT_PRODUCTS_DIR; };
		F0748BD92D9C7D4400DF7C63 /* HomeKitLockScreenWidgetExtension.appex */ = {isa = PBXFileReference; explicitFileType = "wrapper.app-extension"; includeInIndex = 0; path = HomeKitLockScreenWidgetExtension.appex; sourceTree = BUILT_PRODUCTS_DIR; };
		F0748BDB2D9C7D4400DF7C63 /* WidgetKit.framework */ = {isa = PBXFileReference; lastKnownFileType = wrapper.framework; name = WidgetKit.framework; path = System/Library/Frameworks/WidgetKit.framework; sourceTree = SDKROOT; };
		F0748BDD2D9C7D4400DF7C63 /* SwiftUI.framework */ = {isa = PBXFileReference; lastKnownFileType = wrapper.framework; name = SwiftUI.framework; path = System/Library/Frameworks/SwiftUI.framework; sourceTree = SDKROOT; };
		F0748BF02D9C7D6D00DF7C63 /* HomeKitLockScreenWidgetExtension.entitlements */ = {isa = PBXFileReference; lastKnownFileType = text.plist.entitlements; path = HomeKitLockScreenWidgetExtension.entitlements; sourceTree = "<group>"; };
/* End PBXFileReference section */

/* Begin PBXFileSystemSynchronizedBuildFileExceptionSet section */
		F0748BEA2D9C7D4500DF7C63 /* Exceptions for "HomeKitLockScreenWidget" folder in "HomeKitLockScreenWidgetExtension" target */ = {
			isa = PBXFileSystemSynchronizedBuildFileExceptionSet;
			membershipExceptions = (
				Info.plist,
			);
			target = F0748BD82D9C7D4400DF7C63 /* HomeKitLockScreenWidgetExtension */;
		};
/* End PBXFileSystemSynchronizedBuildFileExceptionSet section */

/* Begin PBXFileSystemSynchronizedRootGroup section */
		F0748BC92D9C7D1A00DF7C63 /* HomeKitLockScreenApp */ = {
			isa = PBXFileSystemSynchronizedRootGroup;
			path = HomeKitLockScreenApp;
			sourceTree = "<group>";
		};
		F0748BDF2D9C7D4400DF7C63 /* HomeKitLockScreenWidget */ = {
			isa = PBXFileSystemSynchronizedRootGroup;
			exceptions = (
				F0748BEA2D9C7D4500DF7C63 /* Exceptions for "HomeKitLockScreenWidget" folder in "HomeKitLockScreenWidgetExtension" target */,
			);
			path = HomeKitLockScreenWidget;
			sourceTree = "<group>";
		};
/* End PBXFileSystemSynchronizedRootGroup section */

/* Begin PBXFrameworksBuildPhase section */
		F0748BC42D9C7D1A00DF7C63 /* Frameworks */ = {
			isa = PBXFrameworksBuildPhase;
			buildActionMask = 2147483647;
			files = (
			);
			runOnlyForDeploymentPostprocessing = 0;
		};
		F0748BD62D9C7D4400DF7C63 /* Frameworks */ = {
			isa = PBXFrameworksBuildPhase;
			buildActionMask = 2147483647;
			files = (
				F0748BDE2D9C7D4400DF7C63 /* SwiftUI.framework in Frameworks */,
				F0748BDC2D9C7D4400DF7C63 /* WidgetKit.framework in Frameworks */,
			);
			runOnlyForDeploymentPostprocessing = 0;
		};
/* End PBXFrameworksBuildPhase section */

/* Begin PBXGroup section */
		F0748BBE2D9C7D1A00DF7C63 = {
			isa = PBXGroup;
			children = (
				F0748BF02D9C7D6D00DF7C63 /* HomeKitLockScreenWidgetExtension.entitlements */,
				F0748BC92D9C7D1A00DF7C63 /* HomeKitLockScreenApp */,
				F0748BDF2D9C7D4400DF7C63 /* HomeKitLockScreenWidget */,
				F0748BDA2D9C7D4400DF7C63 /* Frameworks */,
				F0748BC82D9C7D1A00DF7C63 /* Products */,
			);
			sourceTree = "<group>";
		};
		F0748BC82D9C7D1A00DF7C63 /* Products */ = {
			isa = PBXGroup;
			children = (
				F0748BC72D9C7D1A00DF7C63 /* HomeKitLockScreenApp.app */,
				F0748BD92D9C7D4400DF7C63 /* HomeKitLockScreenWidgetExtension.appex */,
			);
			name = Products;
			sourceTree = "<group>";
		};
		F0748BDA2D9C7D4400DF7C63 /* Frameworks */ = {
			isa = PBXGroup;
			children = (
				F0748BDB2D9C7D4400DF7C63 /* WidgetKit.framework */,
				F0748BDD2D9C7D4400DF7C63 /* SwiftUI.framework */,
			);
			name = Frameworks;
			sourceTree = "<group>";
		};
/* End PBXGroup section */

/* Begin PBXNativeTarget section */
		F0748BC62D9C7D1A00DF7C63 /* HomeKitLockScreenApp */ = {
			isa = PBXNativeTarget;
			buildConfigurationList = F0748BD22D9C7D1C00DF7C63 /* Build configuration list for PBXNativeTarget "HomeKitLockScreenApp" */;
			buildPhases = (
				F0748BC32D9C7D1A00DF7C63 /* Sources */,
				F0748BC42D9C7D1A00DF7C63 /* Frameworks */,
				F0748BC52D9C7D1A00DF7C63 /* Resources */,
				F0748BEE2D9C7D4500DF7C63 /* Embed Foundation Extensions */,
			);
			buildRules = (
			);
			dependencies = (
				F0748BE82D9C7D4500DF7C63 /* PBXTargetDependency */,
			);
			fileSystemSynchronizedGroups = (
				F0748BC92D9C7D1A00DF7C63 /* HomeKitLockScreenApp */,
			);
			name = HomeKitLockScreenApp;
			packageProductDependencies = (
			);
			productName = HomeKitLockScreenApp;
			productReference = F0748BC72D9C7D1A00DF7C63 /* HomeKitLockScreenApp.app */;
			productType = "com.apple.product-type.application";
		};
		F0748BD82D9C7D4400DF7C63 /* HomeKitLockScreenWidgetExtension */ = {
			isa = PBXNativeTarget;
			buildConfigurationList = F0748BEB2D9C7D4500DF7C63 /* Build configuration list for PBXNativeTarget "HomeKitLockScreenWidgetExtension" */;
			buildPhases = (
				F0748BD52D9C7D4400DF7C63 /* Sources */,
				F0748BD62D9C7D4400DF7C63 /* Frameworks */,
				F0748BD72D9C7D4400DF7C63 /* Resources */,
			);
			buildRules = (
			);
			dependencies = (
			);
			fileSystemSynchronizedGroups = (
				F0748BDF2D9C7D4400DF7C63 /* HomeKitLockScreenWidget */,
			);
			name = HomeKitLockScreenWidgetExtension;
			packageProductDependencies = (
			);
			productName = HomeKitLockScreenWidgetExtension;
			productReference = F0748BD92D9C7D4400DF7C63 /* HomeKitLockScreenWidgetExtension.appex */;
			productType = "com.apple.product-type.app-extension";
		};
/* End PBXNativeTarget section */

/* Begin PBXProject section */
		F0748BBF2D9C7D1A00DF7C63 /* Project object */ = {
			isa = PBXProject;
			attributes = {
				BuildIndependentTargetsInParallel = 1;
				LastSwiftUpdateCheck = 1630;
				LastUpgradeCheck = 1630;
				TargetAttributes = {
					F0748BC62D9C7D1A00DF7C63 = {
						CreatedOnToolsVersion = 16.3;
					};
					F0748BD82D9C7D4400DF7C63 = {
						CreatedOnToolsVersion = 16.3;
					};
				};
			};
			buildConfigurationList = F0748BC22D9C7D1A00DF7C63 /* Build configuration list for PBXProject "HomeKitLockScreenApp" */;
			developmentRegion = en;
			hasScannedForEncodings = 0;
			knownRegions = (
				en,
				Base,
			);
			mainGroup = F0748BBE2D9C7D1A00DF7C63;
			minimizedProjectReferenceProxies = 1;
			preferredProjectObjectVersion = 77;
			productRefGroup = F0748BC82D9C7D1A00DF7C63 /* Products */;
			projectDirPath = "";
			projectRoot = "";
			targets = (
				F0748BC62D9C7D1A00DF7C63 /* HomeKitLockScreenApp */,
				F0748BD82D9C7D4400DF7C63 /* HomeKitLockScreenWidgetExtension */,
			);
		};
/* End PBXProject section */

/* Begin PBXResourcesBuildPhase section */
		F0748BC52D9C7D1A00DF7C63 /* Resources */ = {
			isa = PBXResourcesBuildPhase;
			buildActionMask = 2147483647;
			files = (
			);
			runOnlyForDeploymentPostprocessing = 0;
		};
		F0748BD72D9C7D4400DF7C63 /* Resources */ = {
			isa = PBXResourcesBuildPhase;
			buildActionMask = 2147483647;
			files = (
			);
			runOnlyForDeploymentPostprocessing = 0;
		};
/* End PBXResourcesBuildPhase section */

/* Begin PBXSourcesBuildPhase section */
		F0748BC32D9C7D1A00DF7C63 /* Sources */ = {
			isa = PBXSourcesBuildPhase;
			buildActionMask = 2147483647;
			files = (
			);
			runOnlyForDeploymentPostprocessing = 0;
		};
		F0748BD52D9C7D4400DF7C63 /* Sources */ = {
			isa = PBXSourcesBuildPhase;
			buildActionMask = 2147483647;
			files = (
			);
			runOnlyForDeploymentPostprocessing = 0;
		};
/* End PBXSourcesBuildPhase section */

/* Begin PBXTargetDependency section */
		F0748BE82D9C7D4500DF7C63 /* PBXTargetDependency */ = {
			isa = PBXTargetDependency;
			target = F0748BD82D9C7D4400DF7C63 /* HomeKitLockScreenWidgetExtension */;
			targetProxy = F0748BE72D9C7D4500DF7C63 /* PBXContainerItemProxy */;
		};
/* End PBXTargetDependency section */

/* Begin XCBuildConfiguration section */
		F0748BD02D9C7D1C00DF7C63 /* Debug */ = {
			isa = XCBuildConfiguration;
			buildSettings = {
				ALWAYS_SEARCH_USER_PATHS = NO;
				ASSETCATALOG_COMPILER_GENERATE_SWIFT_ASSET_SYMBOL_EXTENSIONS = YES;
				CLANG_ANALYZER_NONNULL = YES;
				CLANG_ANALYZER_NUMBER_OBJECT_CONVERSION = YES_AGGRESSIVE;
				CLANG_CXX_LANGUAGE_STANDARD = "gnu++20";
				CLANG_ENABLE_MODULES = YES;
				CLANG_ENABLE_OBJC_ARC = YES;
				CLANG_ENABLE_OBJC_WEAK = YES;
				CLANG_WARN_BLOCK_CAPTURE_AUTORELEASING = YES;
				CLANG_WARN_BOOL_CONVERSION = YES;
				CLANG_WARN_COMMA = YES;
				CLANG_WARN_CONSTANT_CONVERSION = YES;
				CLANG_WARN_DEPRECATED_OBJC_IMPLEMENTATIONS = YES;
				CLANG_WARN_DIRECT_OBJC_ISA_USAGE = YES_ERROR;
				CLANG_WARN_DOCUMENTATION_COMMENTS = YES;
				CLANG_WARN_EMPTY_BODY = YES;
				CLANG_WARN_ENUM_CONVERSION = YES;
				CLANG_WARN_INFINITE_RECURSION = YES;
				CLANG_WARN_INT_CONVERSION = YES;
				CLANG_WARN_NON_LITERAL_NULL_CONVERSION = YES;
				CLANG_WARN_OBJC_IMPLICIT_RETAIN_SELF = YES;
				CLANG_WARN_OBJC_LITERAL_CONVERSION = YES;
				CLANG_WARN_OBJC_ROOT_CLASS = YES_ERROR;
				CLANG_WARN_QUOTED_INCLUDE_IN_FRAMEWORK_HEADER = YES;
				CLANG_WARN_RANGE_LOOP_ANALYSIS = YES;
				CLANG_WARN_STRICT_PROTOTYPES = YES;
				CLANG_WARN_SUSPICIOUS_MOVE = YES;
				CLANG_WARN_UNGUARDED_AVAILABILITY = YES_AGGRESSIVE;
				CLANG_WARN_UNREACHABLE_CODE = YES;
				CLANG_WARN__DUPLICATE_METHOD_MATCH = YES;
				COPY_PHASE_STRIP = NO;
				DEBUG_INFORMATION_FORMAT = dwarf;
				DEVELOPMENT_TEAM = EA8B7XH696;
				ENABLE_STRICT_OBJC_MSGSEND = YES;
				ENABLE_TESTABILITY = YES;
				ENABLE_USER_SCRIPT_SANDBOXING = YES;
				GCC_C_LANGUAGE_STANDARD = gnu17;
				GCC_DYNAMIC_NO_PIC = NO;
				GCC_NO_COMMON_BLOCKS = YES;
				GCC_OPTIMIZATION_LEVEL = 0;
				GCC_PREPROCESSOR_DEFINITIONS = (
					"DEBUG=1",
					"$(inherited)",
				);
				GCC_WARN_64_TO_32_BIT_CONVERSION = YES;
				GCC_WARN_ABOUT_RETURN_TYPE = YES_ERROR;
				GCC_WARN_UNDECLARED_SELECTOR = YES;
				GCC_WARN_UNINITIALIZED_AUTOS = YES_AGGRESSIVE;
				GCC_WARN_UNUSED_FUNCTION = YES;
				GCC_WARN_UNUSED_VARIABLE = YES;
				IPHONEOS_DEPLOYMENT_TARGET = 16.6;
				LOCALIZATION_PREFERS_STRING_CATALOGS = YES;
				MTL_ENABLE_DEBUG_INFO = INCLUDE_SOURCE;
				MTL_FAST_MATH = YES;
				ONLY_ACTIVE_ARCH = YES;
				SDKROOT = iphoneos;
				SWIFT_ACTIVE_COMPILATION_CONDITIONS = "DEBUG $(inherited)";
				SWIFT_OPTIMIZATION_LEVEL = "-Onone";
			};
			name = Debug;
		};
		F0748BD12D9C7D1C00DF7C63 /* Release */ = {
			isa = XCBuildConfiguration;
			buildSettings = {
				ALWAYS_SEARCH_USER_PATHS = NO;
				ASSETCATALOG_COMPILER_GENERATE_SWIFT_ASSET_SYMBOL_EXTENSIONS = YES;
				CLANG_ANALYZER_NONNULL = YES;
				CLANG_ANALYZER_NUMBER_OBJECT_CONVERSION = YES_AGGRESSIVE;
				CLANG_CXX_LANGUAGE_STANDARD = "gnu++20";
				CLANG_ENABLE_MODULES = YES;
				CLANG_ENABLE_OBJC_ARC = YES;
				CLANG_ENABLE_OBJC_WEAK = YES;
				CLANG_WARN_BLOCK_CAPTURE_AUTORELEASING = YES;
				CLANG_WARN_BOOL_CONVERSION = YES;
				CLANG_WARN_COMMA = YES;
				CLANG_WARN_CONSTANT_CONVERSION = YES;
				CLANG_WARN_DEPRECATED_OBJC_IMPLEMENTATIONS = YES;
				CLANG_WARN_DIRECT_OBJC_ISA_USAGE = YES_ERROR;
				CLANG_WARN_DOCUMENTATION_COMMENTS = YES;
				CLANG_WARN_EMPTY_BODY = YES;
				CLANG_WARN_ENUM_CONVERSION = YES;
				CLANG_WARN_INFINITE_RECURSION = YES;
				CLANG_WARN_INT_CONVERSION = YES;
				CLANG_WARN_NON_LITERAL_NULL_CONVERSION = YES;
				CLANG_WARN_OBJC_IMPLICIT_RETAIN_SELF = YES;
				CLANG_WARN_OBJC_LITERAL_CONVERSION = YES;
				CLANG_WARN_OBJC_ROOT_CLASS = YES_ERROR;
				CLANG_WARN_QUOTED_INCLUDE_IN_FRAMEWORK_HEADER = YES;
				CLANG_WARN_RANGE_LOOP_ANALYSIS = YES;
				CLANG_WARN_STRICT_PROTOTYPES = YES;
				CLANG_WARN_SUSPICIOUS_MOVE = YES;
				CLANG_WARN_UNGUARDED_AVAILABILITY = YES_AGGRESSIVE;
				CLANG_WARN_UNREACHABLE_CODE = YES;
				CLANG_WARN__DUPLICATE_METHOD_MATCH = YES;
				COPY_PHASE_STRIP = NO;
				DEBUG_INFORMATION_FORMAT = "dwarf-with-dsym";
				DEVELOPMENT_TEAM = EA8B7XH696;
				ENABLE_NS_ASSERTIONS = NO;
				ENABLE_STRICT_OBJC_MSGSEND = YES;
				ENABLE_USER_SCRIPT_SANDBOXING = YES;
				GCC_C_LANGUAGE_STANDARD = gnu17;
				GCC_NO_COMMON_BLOCKS = YES;
				GCC_WARN_64_TO_32_BIT_CONVERSION = YES;
				GCC_WARN_ABOUT_RETURN_TYPE = YES_ERROR;
				GCC_WARN_UNDECLARED_SELECTOR = YES;
				GCC_WARN_UNINITIALIZED_AUTOS = YES_AGGRESSIVE;
				GCC_WARN_UNUSED_FUNCTION = YES;
				GCC_WARN_UNUSED_VARIABLE = YES;
				IPHONEOS_DEPLOYMENT_TARGET = 16.6;
				LOCALIZATION_PREFERS_STRING_CATALOGS = YES;
				MTL_ENABLE_DEBUG_INFO = NO;
				MTL_FAST_MATH = YES;
				SDKROOT = iphoneos;
				SWIFT_COMPILATION_MODE = wholemodule;
				VALIDATE_PRODUCT = YES;
			};
			name = Release;
		};
		F0748BD32D9C7D1C00DF7C63 /* Debug */ = {
			isa = XCBuildConfiguration;
			buildSettings = {
				ASSETCATALOG_COMPILER_APPICON_NAME = AppIcon;
				ASSETCATALOG_COMPILER_GLOBAL_ACCENT_COLOR_NAME = AccentColor;
				CODE_SIGN_ENTITLEMENTS = HomeKitLockScreenApp/HomeKitLockScreenApp.entitlements;
				CODE_SIGN_STYLE = Automatic;
				CURRENT_PROJECT_VERSION = 1;
				DEVELOPMENT_TEAM = EA8B7XH696;
				ENABLE_PREVIEWS = YES;
				GENERATE_INFOPLIST_FILE = NO;
				INFOPLIST_FILE = HomeKitLockScreenApp/Info.plist;
				INFOPLIST_KEY_NSHomeKitUsageDescription = "Cette application a besoin d'accéder à vos accessoires HomeKit pour afficher les données de capteurs sur l'écran de verrouillage.";
				INFOPLIST_KEY_UIApplicationSceneManifest_Generation = YES;
				INFOPLIST_KEY_UIApplicationSupportsIndirectInputEvents = YES;
				INFOPLIST_KEY_UILaunchScreen_Generation = YES;
				INFOPLIST_KEY_UISupportedInterfaceOrientations_iPad = "UIInterfaceOrientationPortrait UIInterfaceOrientationPortraitUpsideDown UIInterfaceOrientationLandscapeLeft UIInterfaceOrientationLandscapeRight";
				INFOPLIST_KEY_UISupportedInterfaceOrientations_iPhone = "UIInterfaceOrientationPortrait UIInterfaceOrientationLandscapeLeft UIInterfaceOrientationLandscapeRight";
				IPHONEOS_DEPLOYMENT_TARGET = 16.6;
				LD_RUNPATH_SEARCH_PATHS = (
					"$(inherited)",
					"@executable_path/Frameworks",
				);
				MARKETING_VERSION = 1.0;
				PRODUCT_BUNDLE_IDENTIFIER = perso.HomeKitLockScreenApp;
				PRODUCT_NAME = "$(TARGET_NAME)";
				SWIFT_EMIT_LOC_STRINGS = YES;
				SWIFT_VERSION = 5.0;
				TARGETED_DEVICE_FAMILY = "1,2";
			};
			name = Debug;
		};
		F0748BD42D9C7D1C00DF7C63 /* Release */ = {
			isa = XCBuildConfiguration;
			buildSettings = {
				ASSETCATALOG_COMPILER_APPICON_NAME = AppIcon;
				ASSETCATALOG_COMPILER_GLOBAL_ACCENT_COLOR_NAME = AccentColor;
				CODE_SIGN_ENTITLEMENTS = HomeKitLockScreenApp/HomeKitLockScreenApp.entitlements;
				CODE_SIGN_STYLE = Automatic;
				CURRENT_PROJECT_VERSION = 1;
				DEVELOPMENT_TEAM = EA8B7XH696;
				ENABLE_PREVIEWS = YES;
				GENERATE_INFOPLIST_FILE = NO;
				INFOPLIST_FILE = HomeKitLockScreenApp/Info.plist;
				INFOPLIST_KEY_NSHomeKitUsageDescription = "Cette application a besoin d'accéder à vos accessoires HomeKit pour afficher les données de capteurs sur l'écran de verrouillage.";
				INFOPLIST_KEY_UIApplicationSceneManifest_Generation = YES;
				INFOPLIST_KEY_UIApplicationSupportsIndirectInputEvents = YES;
				INFOPLIST_KEY_UILaunchScreen_Generation = YES;
				INFOPLIST_KEY_UISupportedInterfaceOrientations_iPad = "UIInterfaceOrientationPortrait UIInterfaceOrientationPortraitUpsideDown UIInterfaceOrientationLandscapeLeft UIInterfaceOrientationLandscapeRight";
				INFOPLIST_KEY_UISupportedInterfaceOrientations_iPhone = "UIInterfaceOrientationPortrait UIInterfaceOrientationLandscapeLeft UIInterfaceOrientationLandscapeRight";
				IPHONEOS_DEPLOYMENT_TARGET = 16.6;
				LD_RUNPATH_SEARCH_PATHS = (
					"$(inherited)",
					"@executable_path/Frameworks",
				);
				MARKETING_VERSION = 1.0;
				PRODUCT_BUNDLE_IDENTIFIER = perso.HomeKitLockScreenApp;
				PRODUCT_NAME = "$(TARGET_NAME)";
				SWIFT_EMIT_LOC_STRINGS = YES;
				SWIFT_VERSION = 5.0;
				TARGETED_DEVICE_FAMILY = "1,2";
			};
			name = Release;
		};
		F0748BEC2D9C7D4500DF7C63 /* Debug */ = {
			isa = XCBuildConfiguration;
			buildSettings = {
				ASSETCATALOG_COMPILER_GLOBAL_ACCENT_COLOR_NAME = AccentColor;
				ASSETCATALOG_COMPILER_WIDGET_BACKGROUND_COLOR_NAME = WidgetBackground;
				CODE_SIGN_ENTITLEMENTS = HomeKitLockScreenWidgetExtension.entitlements;
				CODE_SIGN_STYLE = Automatic;
				CURRENT_PROJECT_VERSION = 1;
				DEVELOPMENT_TEAM = EA8B7XH696;
				GENERATE_INFOPLIST_FILE = NO;
				INFOPLIST_FILE = HomeKitLockScreenWidget/Info.plist;
				INFOPLIST_KEY_CFBundleDisplayName = HomeKitLockScreenWidget;
				INFOPLIST_KEY_NSHumanReadableCopyright = "";
				IPHONEOS_DEPLOYMENT_TARGET = 16.6;
				LD_RUNPATH_SEARCH_PATHS = (
					"$(inherited)",
					"@executable_path/Frameworks",
					"@executable_path/../../Frameworks",
				);
				MARKETING_VERSION = 1.0;
				PRODUCT_BUNDLE_IDENTIFIER = perso.HomeKitLockScreenApp.HomeKitLockScreenWidget;
				PRODUCT_NAME = "$(TARGET_NAME)";
				SKIP_INSTALL = YES;
				SWIFT_EMIT_LOC_STRINGS = YES;
				SWIFT_VERSION = 5.0;
				TARGETED_DEVICE_FAMILY = "1,2";
			};
			name = Debug;
		};
		F0748BED2D9C7D4500DF7C63 /* Release */ = {
			isa = XCBuildConfiguration;
			buildSettings = {
				ASSETCATALOG_COMPILER_GLOBAL_ACCENT_COLOR_NAME = AccentColor;
				ASSETCATALOG_COMPILER_WIDGET_BACKGROUND_COLOR_NAME = WidgetBackground;
				CODE_SIGN_ENTITLEMENTS = HomeKitLockScreenWidgetExtension.entitlements;
				CODE_SIGN_STYLE = Automatic;
				CURRENT_PROJECT_VERSION = 1;
				DEVELOPMENT_TEAM = EA8B7XH696;
				GENERATE_INFOPLIST_FILE = NO;
				INFOPLIST_FILE = HomeKitLockScreenWidget/Info.plist;
				INFOPLIST_KEY_CFBundleDisplayName = HomeKitLockScreenWidget;
				INFOPLIST_KEY_NSHumanReadableCopyright = "";
				IPHONEOS_DEPLOYMENT_TARGET = 16.6;
				LD_RUNPATH_SEARCH_PATHS = (
					"$(inherited)",
					"@executable_path/Frameworks",
					"@executable_path/../../Frameworks",
				);
				MARKETING_VERSION = 1.0;
				PRODUCT_BUNDLE_IDENTIFIER = perso.HomeKitLockScreenApp.HomeKitLockScreenWidget;
				PRODUCT_NAME = "$(TARGET_NAME)";
				SKIP_INSTALL = YES;
				SWIFT_EMIT_LOC_STRINGS = YES;
				SWIFT_VERSION = 5.0;
				TARGETED_DEVICE_FAMILY = "1,2";
			};
			name = Release;
		};
/* End XCBuildConfiguration section */

/* Begin XCConfigurationList section */
		F0748BC22D9C7D1A00DF7C63 /* Build configuration list for PBXProject "HomeKitLockScreenApp" */ = {
			isa = XCConfigurationList;
			buildConfigurations = (
				F0748BD02D9C7D1C00DF7C63 /* Debug */,
				F0748BD12D9C7D1C00DF7C63 /* Release */,
			);
			defaultConfigurationIsVisible = 0;
			defaultConfigurationName = Release;
		};
		F0748BD22D9C7D1C00DF7C63 /* Build configuration list for PBXNativeTarget "HomeKitLockScreenApp" */ = {
			isa = XCConfigurationList;
			buildConfigurations = (
				F0748BD32D9C7D1C00DF7C63 /* Debug */,
				F0748BD42D9C7D1C00DF7C63 /* Release */,
			);
			defaultConfigurationIsVisible = 0;
			defaultConfigurationName = Release;
		};
		F0748BEB2D9C7D4500DF7C63 /* Build configuration list for PBXNativeTarget "HomeKitLockScreenWidgetExtension" */ = {
			isa = XCConfigurationList;
			buildConfigurations = (
				F0748BEC2D9C7D4500DF7C63 /* Debug */,
				F0748BED2D9C7D4500DF7C63 /* Release */,
			);
			defaultConfigurationIsVisible = 0;
			defaultConfigurationName = Release;
		};
/* End XCConfigurationList section */
	};
	rootObject = F0748BBF2D9C7D1A00DF7C63 /* Project object */;
}
